
Microsoft Visual Studio Solution File, Format Version 12.00
# Visual Studio 15
VisualStudioVersion = 15.0.28307.572
MinimumVisualStudioVersion = 10.0.40219.1
Project("{9A19103F-16F7-4668-BE54-9A1E7A4F7556}") = "DependencyInjection", "DependencyInjection\DependencyInjection.csproj", "{31E6D31F-23AA-40ED-A926-AA3CE5A33650}"
EndProject
Project("{9A19103F-16F7-4668-BE54-9A1E7A4F7556}") = "UnitTests", "UnitTests\UnitTests.csproj", "{C6614A5A-47F7-4D39-BC9B-A8EA76B8C337}"
EndProject
Global
	GlobalSection(SolutionConfigurationPlatforms) = preSolution
		Debug|Any CPU = Debug|Any CPU
		Release|Any CPU = Release|Any CPU
	EndGlobalSection
	GlobalSection(ProjectConfigurationPlatforms) = postSolution
		{31E6D31F-23AA-40ED-A926-AA3CE5A33650}.Debug|Any CPU.ActiveCfg = Debug|Any CPU
		{31E6D31F-23AA-40ED-A926-AA3CE5A33650}.Debug|Any CPU.Build.0 = Debug|Any CPU
		{31E6D31F-23AA-40ED-A926-AA3CE5A33650}.Release|Any CPU.ActiveCfg = Release|Any CPU
		{31E6D31F-23AA-40ED-A926-AA3CE5A33650}.Release|Any CPU.Build.0 = Release|Any CPU
		{C6614A5A-47F7-4D39-BC9B-A8EA76B8C337}.Debug|Any CPU.ActiveCfg = Debug|Any CPU
		{C6614A5A-47F7-4D39-BC9B-A8EA76B8C337}.Debug|Any CPU.Build.0 = Debug|Any CPU
		{C6614A5A-47F7-4D39-BC9B-A8EA76B8C337}.Release|Any CPU.ActiveCfg = Release|Any CPU
		{C6614A5A-47F7-4D39-BC9B-A8EA76B8C337}.Release|Any CPU.Build.0 = Release|Any CPU
	EndGlobalSection
	GlobalSection(SolutionProperties) = preSolution
		HideSolutionNode = FALSE
	EndGlobalSection
	GlobalSection(ExtensibilityGlobals) = postSolution
		SolutionGuid = {A6D18572-4E4A-4306-AF5A-11C1D5C7F8C5}
	EndGlobalSection
EndGlobal
